// !$*UTF8*$!
{
	archiveVersion = 1;
	classes = {
	};
	objectVersion = 56;
	objects = {

/* Begin PBXBuildFile section */
		252A53C229419A9100873E4C /* ProductViewModel.swift in Sources */ = {isa = PBXBuildFile; fileRef = 252A53C129419A9100873E4C /* ProductViewModel.swift */; };
		252A53C62941CE9500873E4C /* ProductCell.swift in Sources */ = {isa = PBXBuildFile; fileRef = 252A53C52941CE9500873E4C /* ProductCell.swift */; };
		252A53C82941D6A700873E4C /* URLImageModel.swift in Sources */ = {isa = PBXBuildFile; fileRef = 252A53C72941D6A700873E4C /* URLImageModel.swift */; };
		252A53CA2941EC4700873E4C /* URLImageView.swift in Sources */ = {isa = PBXBuildFile; fileRef = 252A53C92941EC4700873E4C /* URLImageView.swift */; };
		252A53CE2942088200873E4C /* ProductDetailView.swift in Sources */ = {isa = PBXBuildFile; fileRef = 252A53CD2942088200873E4C /* ProductDetailView.swift */; };
		255F461C29406CC200D640D4 /* EGL_DemoApp.swift in Sources */ = {isa = PBXBuildFile; fileRef = 255F461B29406CC200D640D4 /* EGL_DemoApp.swift */; };
		255F461E29406CC200D640D4 /* MasterView.swift in Sources */ = {isa = PBXBuildFile; fileRef = 255F461D29406CC200D640D4 /* MasterView.swift */; };
		255F462029406CC400D640D4 /* Assets.xcassets in Resources */ = {isa = PBXBuildFile; fileRef = 255F461F29406CC400D640D4 /* Assets.xcassets */; };
		255F462329406CC400D640D4 /* Preview Assets.xcassets in Resources */ = {isa = PBXBuildFile; fileRef = 255F462229406CC400D640D4 /* Preview Assets.xcassets */; };
		255F462D29406CC400D640D4 /* EGL_DemoTests.swift in Sources */ = {isa = PBXBuildFile; fileRef = 255F462C29406CC400D640D4 /* EGL_DemoTests.swift */; };
		255F463729406CC400D640D4 /* EGL_DemoUITests.swift in Sources */ = {isa = PBXBuildFile; fileRef = 255F463629406CC400D640D4 /* EGL_DemoUITests.swift */; };
		255F463929406CC400D640D4 /* EGL_DemoUITestsLaunchTests.swift in Sources */ = {isa = PBXBuildFile; fileRef = 255F463829406CC400D640D4 /* EGL_DemoUITestsLaunchTests.swift */; };
		255F468D294076B100D640D4 /* DataModel.swift in Sources */ = {isa = PBXBuildFile; fileRef = 255F468C294076B100D640D4 /* DataModel.swift */; };
		25D9692C2945B85F00CF7478 /* NetworkManager.swift in Sources */ = {isa = PBXBuildFile; fileRef = 25D9692B2945B85F00CF7478 /* NetworkManager.swift */; };
		25D9692F2947290500CF7478 /* ProductPageView.swift in Sources */ = {isa = PBXBuildFile; fileRef = 25D9692E2947290500CF7478 /* ProductPageView.swift */; };
		25D969312947295700CF7478 /* FavouriteProductPageView.swift in Sources */ = {isa = PBXBuildFile; fileRef = 25D969302947295700CF7478 /* FavouriteProductPageView.swift */; };
		25D9697B2947399100CF7478 /* NetworkConstants.swift in Sources */ = {isa = PBXBuildFile; fileRef = 25D9697A2947399100CF7478 /* NetworkConstants.swift */; };
		25D9697D29475F4400CF7478 /* ActivityIndicatorView.swift in Sources */ = {isa = PBXBuildFile; fileRef = 25D9697C29475F4400CF7478 /* ActivityIndicatorView.swift */; };
/* End PBXBuildFile section */

/* Begin PBXContainerItemProxy section */
		255F462929406CC400D640D4 /* PBXContainerItemProxy */ = {
			isa = PBXContainerItemProxy;
			containerPortal = 255F461029406CC200D640D4 /* Project object */;
			proxyType = 1;
			remoteGlobalIDString = 255F461729406CC200D640D4;
			remoteInfo = EGL_Demo;
		};
		255F463329406CC400D640D4 /* PBXContainerItemProxy */ = {
			isa = PBXContainerItemProxy;
			containerPortal = 255F461029406CC200D640D4 /* Project object */;
			proxyType = 1;
			remoteGlobalIDString = 255F461729406CC200D640D4;
			remoteInfo = EGL_Demo;
		};
/* End PBXContainerItemProxy section */

/* Begin PBXFileReference section */
		252A53C129419A9100873E4C /* ProductViewModel.swift */ = {isa = PBXFileReference; lastKnownFileType = sourcecode.swift; path = ProductViewModel.swift; sourceTree = "<group>"; };
		252A53C52941CE9500873E4C /* ProductCell.swift */ = {isa = PBXFileReference; lastKnownFileType = sourcecode.swift; path = ProductCell.swift; sourceTree = "<group>"; };
		252A53C72941D6A700873E4C /* URLImageModel.swift */ = {isa = PBXFileReference; lastKnownFileType = sourcecode.swift; path = URLImageModel.swift; sourceTree = "<group>"; };
		252A53C92941EC4700873E4C /* URLImageView.swift */ = {isa = PBXFileReference; lastKnownFileType = sourcecode.swift; path = URLImageView.swift; sourceTree = "<group>"; };
		252A53CD2942088200873E4C /* ProductDetailView.swift */ = {isa = PBXFileReference; lastKnownFileType = sourcecode.swift; path = ProductDetailView.swift; sourceTree = "<group>"; };
		255F461829406CC200D640D4 /* EGL_Demo.app */ = {isa = PBXFileReference; explicitFileType = wrapper.application; includeInIndex = 0; path = EGL_Demo.app; sourceTree = BUILT_PRODUCTS_DIR; };
		255F461B29406CC200D640D4 /* EGL_DemoApp.swift */ = {isa = PBXFileReference; lastKnownFileType = sourcecode.swift; path = EGL_DemoApp.swift; sourceTree = "<group>"; };
		255F461D29406CC200D640D4 /* MasterView.swift */ = {isa = PBXFileReference; lastKnownFileType = sourcecode.swift; path = MasterView.swift; sourceTree = "<group>"; };
		255F461F29406CC400D640D4 /* Assets.xcassets */ = {isa = PBXFileReference; lastKnownFileType = folder.assetcatalog; path = Assets.xcassets; sourceTree = "<group>"; };
		255F462229406CC400D640D4 /* Preview Assets.xcassets */ = {isa = PBXFileReference; lastKnownFileType = folder.assetcatalog; path = "Preview Assets.xcassets"; sourceTree = "<group>"; };
		255F462829406CC400D640D4 /* EGL_DemoTests.xctest */ = {isa = PBXFileReference; explicitFileType = wrapper.cfbundle; includeInIndex = 0; path = EGL_DemoTests.xctest; sourceTree = BUILT_PRODUCTS_DIR; };
		255F462C29406CC400D640D4 /* EGL_DemoTests.swift */ = {isa = PBXFileReference; lastKnownFileType = sourcecode.swift; path = EGL_DemoTests.swift; sourceTree = "<group>"; };
		255F463229406CC400D640D4 /* EGL_DemoUITests.xctest */ = {isa = PBXFileReference; explicitFileType = wrapper.cfbundle; includeInIndex = 0; path = EGL_DemoUITests.xctest; sourceTree = BUILT_PRODUCTS_DIR; };
		255F463629406CC400D640D4 /* EGL_DemoUITests.swift */ = {isa = PBXFileReference; lastKnownFileType = sourcecode.swift; path = EGL_DemoUITests.swift; sourceTree = "<group>"; };
		255F463829406CC400D640D4 /* EGL_DemoUITestsLaunchTests.swift */ = {isa = PBXFileReference; lastKnownFileType = sourcecode.swift; path = EGL_DemoUITestsLaunchTests.swift; sourceTree = "<group>"; };
		255F468C294076B100D640D4 /* DataModel.swift */ = {isa = PBXFileReference; lastKnownFileType = sourcecode.swift; path = DataModel.swift; sourceTree = "<group>"; };
		25D9692B2945B85F00CF7478 /* NetworkManager.swift */ = {isa = PBXFileReference; lastKnownFileType = sourcecode.swift; path = NetworkManager.swift; sourceTree = "<group>"; };
		25D9692E2947290500CF7478 /* ProductPageView.swift */ = {isa = PBXFileReference; lastKnownFileType = sourcecode.swift; path = ProductPageView.swift; sourceTree = "<group>"; };
		25D969302947295700CF7478 /* FavouriteProductPageView.swift */ = {isa = PBXFileReference; lastKnownFileType = sourcecode.swift; path = FavouriteProductPageView.swift; sourceTree = "<group>"; };
		25D9697A2947399100CF7478 /* NetworkConstants.swift */ = {isa = PBXFileReference; lastKnownFileType = sourcecode.swift; path = NetworkConstants.swift; sourceTree = "<group>"; };
		25D9697C29475F4400CF7478 /* ActivityIndicatorView.swift */ = {isa = PBXFileReference; lastKnownFileType = sourcecode.swift; path = ActivityIndicatorView.swift; sourceTree = "<group>"; };
/* End PBXFileReference section */

/* Begin PBXFrameworksBuildPhase section */
		255F461529406CC200D640D4 /* Frameworks */ = {
			isa = PBXFrameworksBuildPhase;
			buildActionMask = 2147483647;
			files = (
			);
			runOnlyForDeploymentPostprocessing = 0;
		};
		255F462529406CC400D640D4 /* Frameworks */ = {
			isa = PBXFrameworksBuildPhase;
			buildActionMask = 2147483647;
			files = (
			);
			runOnlyForDeploymentPostprocessing = 0;
		};
		255F462F29406CC400D640D4 /* Frameworks */ = {
			isa = PBXFrameworksBuildPhase;
			buildActionMask = 2147483647;
			files = (
			);
			runOnlyForDeploymentPostprocessing = 0;
		};
/* End PBXFrameworksBuildPhase section */

/* Begin PBXGroup section */
		252A53C029419A7600873E4C /* ViewModel */ = {
			isa = PBXGroup;
			children = (
				252A53C129419A9100873E4C /* ProductViewModel.swift */,
			);
			path = ViewModel;
			sourceTree = "<group>";
		};
		252A53C42941CE7300873E4C /* Views */ = {
			isa = PBXGroup;
			children = (
				252A53C52941CE9500873E4C /* ProductCell.swift */,
				252A53C92941EC4700873E4C /* URLImageView.swift */,
				25D9697C29475F4400CF7478 /* ActivityIndicatorView.swift */,
			);
			path = Views;
			sourceTree = "<group>";
		};
		255F460F29406CC200D640D4 = {
			isa = PBXGroup;
			children = (
				255F461A29406CC200D640D4 /* EGL_Demo */,
				255F462B29406CC400D640D4 /* EGL_DemoTests */,
				255F463529406CC400D640D4 /* EGL_DemoUITests */,
				255F461929406CC200D640D4 /* Products */,
			);
			sourceTree = "<group>";
		};
		255F461929406CC200D640D4 /* Products */ = {
			isa = PBXGroup;
			children = (
				255F461829406CC200D640D4 /* EGL_Demo.app */,
				255F462829406CC400D640D4 /* EGL_DemoTests.xctest */,
				255F463229406CC400D640D4 /* EGL_DemoUITests.xctest */,
			);
			name = Products;
			sourceTree = "<group>";
		};
		255F461A29406CC200D640D4 /* EGL_Demo */ = {
			isa = PBXGroup;
			children = (
				25D9693229472BE100CF7478 /* NetworkCalls */,
				25D9692D294728DD00CF7478 /* Screens */,
				252A53C42941CE7300873E4C /* Views */,
				252A53C029419A7600873E4C /* ViewModel */,
				255F468B2940769300D640D4 /* NetworkModel */,
				255F461B29406CC200D640D4 /* EGL_DemoApp.swift */,
				255F461D29406CC200D640D4 /* MasterView.swift */,
				255F461F29406CC400D640D4 /* Assets.xcassets */,
				255F462129406CC400D640D4 /* Preview Content */,
			);
			path = EGL_Demo;
			sourceTree = "<group>";
		};
		255F462129406CC400D640D4 /* Preview Content */ = {
			isa = PBXGroup;
			children = (
				255F462229406CC400D640D4 /* Preview Assets.xcassets */,
			);
			path = "Preview Content";
			sourceTree = "<group>";
		};
		255F462B29406CC400D640D4 /* EGL_DemoTests */ = {
			isa = PBXGroup;
			children = (
				255F462C29406CC400D640D4 /* EGL_DemoTests.swift */,
			);
			path = EGL_DemoTests;
			sourceTree = "<group>";
		};
		255F463529406CC400D640D4 /* EGL_DemoUITests */ = {
			isa = PBXGroup;
			children = (
				255F463629406CC400D640D4 /* EGL_DemoUITests.swift */,
				255F463829406CC400D640D4 /* EGL_DemoUITestsLaunchTests.swift */,
			);
			path = EGL_DemoUITests;
			sourceTree = "<group>";
		};
		255F468B2940769300D640D4 /* NetworkModel */ = {
			isa = PBXGroup;
			children = (
				255F468C294076B100D640D4 /* DataModel.swift */,
				252A53C72941D6A700873E4C /* URLImageModel.swift */,
			);
			path = NetworkModel;
			sourceTree = "<group>";
		};
		25D9692D294728DD00CF7478 /* Screens */ = {
			isa = PBXGroup;
			children = (
				252A53CD2942088200873E4C /* ProductDetailView.swift */,
				25D9692E2947290500CF7478 /* ProductPageView.swift */,
				25D969302947295700CF7478 /* FavouriteProductPageView.swift */,
			);
			path = Screens;
			sourceTree = "<group>";
		};
		25D9693229472BE100CF7478 /* NetworkCalls */ = {
			isa = PBXGroup;
			children = (
				25D9692B2945B85F00CF7478 /* NetworkManager.swift */,
				25D9697A2947399100CF7478 /* NetworkConstants.swift */,
			);
			path = NetworkCalls;
			sourceTree = "<group>";
		};
/* End PBXGroup section */

/* Begin PBXNativeTarget section */
		255F461729406CC200D640D4 /* EGL_Demo */ = {
			isa = PBXNativeTarget;
			buildConfigurationList = 255F463C29406CC400D640D4 /* Build configuration list for PBXNativeTarget "EGL_Demo" */;
			buildPhases = (
				255F461429406CC200D640D4 /* Sources */,
				255F461529406CC200D640D4 /* Frameworks */,
				255F461629406CC200D640D4 /* Resources */,
			);
			buildRules = (
			);
			dependencies = (
			);
			name = EGL_Demo;
			productName = EGL_Demo;
			productReference = 255F461829406CC200D640D4 /* EGL_Demo.app */;
			productType = "com.apple.product-type.application";
		};
		255F462729406CC400D640D4 /* EGL_DemoTests */ = {
			isa = PBXNativeTarget;
			buildConfigurationList = 255F463F29406CC400D640D4 /* Build configuration list for PBXNativeTarget "EGL_DemoTests" */;
			buildPhases = (
				255F462429406CC400D640D4 /* Sources */,
				255F462529406CC400D640D4 /* Frameworks */,
				255F462629406CC400D640D4 /* Resources */,
			);
			buildRules = (
			);
			dependencies = (
				255F462A29406CC400D640D4 /* PBXTargetDependency */,
			);
			name = EGL_DemoTests;
			productName = EGL_DemoTests;
			productReference = 255F462829406CC400D640D4 /* EGL_DemoTests.xctest */;
			productType = "com.apple.product-type.bundle.unit-test";
		};
		255F463129406CC400D640D4 /* EGL_DemoUITests */ = {
			isa = PBXNativeTarget;
			buildConfigurationList = 255F464229406CC400D640D4 /* Build configuration list for PBXNativeTarget "EGL_DemoUITests" */;
			buildPhases = (
				255F462E29406CC400D640D4 /* Sources */,
				255F462F29406CC400D640D4 /* Frameworks */,
				255F463029406CC400D640D4 /* Resources */,
			);
			buildRules = (
			);
			dependencies = (
				255F463429406CC400D640D4 /* PBXTargetDependency */,
			);
			name = EGL_DemoUITests;
			productName = EGL_DemoUITests;
			productReference = 255F463229406CC400D640D4 /* EGL_DemoUITests.xctest */;
			productType = "com.apple.product-type.bundle.ui-testing";
		};
/* End PBXNativeTarget section */

/* Begin PBXProject section */
		255F461029406CC200D640D4 /* Project object */ = {
			isa = PBXProject;
			attributes = {
				BuildIndependentTargetsInParallel = 1;
				LastSwiftUpdateCheck = 1410;
				LastUpgradeCheck = 1410;
				TargetAttributes = {
					255F461729406CC200D640D4 = {
						CreatedOnToolsVersion = 14.1;
					};
					255F462729406CC400D640D4 = {
						CreatedOnToolsVersion = 14.1;
						TestTargetID = 255F461729406CC200D640D4;
					};
					255F463129406CC400D640D4 = {
						CreatedOnToolsVersion = 14.1;
						TestTargetID = 255F461729406CC200D640D4;
					};
				};
			};
			buildConfigurationList = 255F461329406CC200D640D4 /* Build configuration list for PBXProject "EGL_Demo" */;
			compatibilityVersion = "Xcode 14.0";
			developmentRegion = en;
			hasScannedForEncodings = 0;
			knownRegions = (
				en,
				Base,
			);
			mainGroup = 255F460F29406CC200D640D4;
			productRefGroup = 255F461929406CC200D640D4 /* Products */;
			projectDirPath = "";
			projectRoot = "";
			targets = (
				255F461729406CC200D640D4 /* EGL_Demo */,
				255F462729406CC400D640D4 /* EGL_DemoTests */,
				255F463129406CC400D640D4 /* EGL_DemoUITests */,
			);
		};
/* End PBXProject section */

/* Begin PBXResourcesBuildPhase section */
		255F461629406CC200D640D4 /* Resources */ = {
			isa = PBXResourcesBuildPhase;
			buildActionMask = 2147483647;
			files = (
				255F462329406CC400D640D4 /* Preview Assets.xcassets in Resources */,
				255F462029406CC400D640D4 /* Assets.xcassets in Resources */,
			);
			runOnlyForDeploymentPostprocessing = 0;
		};
		255F462629406CC400D640D4 /* Resources */ = {
			isa = PBXResourcesBuildPhase;
			buildActionMask = 2147483647;
			files = (
			);
			runOnlyForDeploymentPostprocessing = 0;
		};
		255F463029406CC400D640D4 /* Resources */ = {
			isa = PBXResourcesBuildPhase;
			buildActionMask = 2147483647;
			files = (
			);
			runOnlyForDeploymentPostprocessing = 0;
		};
/* End PBXResourcesBuildPhase section */

/* Begin PBXSourcesBuildPhase section */
		255F461429406CC200D640D4 /* Sources */ = {
			isa = PBXSourcesBuildPhase;
			buildActionMask = 2147483647;
			files = (
				25D9697B2947399100CF7478 /* NetworkConstants.swift in Sources */,
				25D9692F2947290500CF7478 /* ProductPageView.swift in Sources */,
				25D9692C2945B85F00CF7478 /* NetworkManager.swift in Sources */,
				252A53CA2941EC4700873E4C /* URLImageView.swift in Sources */,
				255F461E29406CC200D640D4 /* MasterView.swift in Sources */,
				25D969312947295700CF7478 /* FavouriteProductPageView.swift in Sources */,
				252A53C229419A9100873E4C /* ProductViewModel.swift in Sources */,
				252A53C62941CE9500873E4C /* ProductCell.swift in Sources */,
				255F461C29406CC200D640D4 /* EGL_DemoApp.swift in Sources */,
				25D9697D29475F4400CF7478 /* ActivityIndicatorView.swift in Sources */,
				255F468D294076B100D640D4 /* DataModel.swift in Sources */,
				252A53C82941D6A700873E4C /* URLImageModel.swift in Sources */,
				252A53CE2942088200873E4C /* ProductDetailView.swift in Sources */,
			);
			runOnlyForDeploymentPostprocessing = 0;
		};
		255F462429406CC400D640D4 /* Sources */ = {
			isa = PBXSourcesBuildPhase;
			buildActionMask = 2147483647;
			files = (
				255F462D29406CC400D640D4 /* EGL_DemoTests.swift in Sources */,
			);
			runOnlyForDeploymentPostprocessing = 0;
		};
		255F462E29406CC400D640D4 /* Sources */ = {
			isa = PBXSourcesBuildPhase;
			buildActionMask = 2147483647;
			files = (
				255F463929406CC400D640D4 /* EGL_DemoUITestsLaunchTests.swift in Sources */,
				255F463729406CC400D640D4 /* EGL_DemoUITests.swift in Sources */,
			);
			runOnlyForDeploymentPostprocessing = 0;
		};
/* End PBXSourcesBuildPhase section */

/* Begin PBXTargetDependency section */
		255F462A29406CC400D640D4 /* PBXTargetDependency */ = {
			isa = PBXTargetDependency;
			target = 255F461729406CC200D640D4 /* EGL_Demo */;
			targetProxy = 255F462929406CC400D640D4 /* PBXContainerItemProxy */;
		};
		255F463429406CC400D640D4 /* PBXTargetDependency */ = {
			isa = PBXTargetDependency;
			target = 255F461729406CC200D640D4 /* EGL_Demo */;
			targetProxy = 255F463329406CC400D640D4 /* PBXContainerItemProxy */;
		};
/* End PBXTargetDependency section */

/* Begin XCBuildConfiguration section */
		255F463A29406CC400D640D4 /* Debug */ = {
			isa = XCBuildConfiguration;
			buildSettings = {
				ALWAYS_SEARCH_USER_PATHS = NO;
				CLANG_ANALYZER_NONNULL = YES;
				CLANG_ANALYZER_NUMBER_OBJECT_CONVERSION = YES_AGGRESSIVE;
				CLANG_CXX_LANGUAGE_STANDARD = "gnu++20";
				CLANG_ENABLE_MODULES = YES;
				CLANG_ENABLE_OBJC_ARC = YES;
				CLANG_ENABLE_OBJC_WEAK = YES;
				CLANG_WARN_BLOCK_CAPTURE_AUTORELEASING = YES;
				CLANG_WARN_BOOL_CONVERSION = YES;
				CLANG_WARN_COMMA = YES;
				CLANG_WARN_CONSTANT_CONVERSION = YES;
				CLANG_WARN_DEPRECATED_OBJC_IMPLEMENTATIONS = YES;
				CLANG_WARN_DIRECT_OBJC_ISA_USAGE = YES_ERROR;
				CLANG_WARN_DOCUMENTATION_COMMENTS = YES;
				CLANG_WARN_EMPTY_BODY = YES;
				CLANG_WARN_ENUM_CONVERSION = YES;
				CLANG_WARN_INFINITE_RECURSION = YES;
				CLANG_WARN_INT_CONVERSION = YES;
				CLANG_WARN_NON_LITERAL_NULL_CONVERSION = YES;
				CLANG_WARN_OBJC_IMPLICIT_RETAIN_SELF = YES;
				CLANG_WARN_OBJC_LITERAL_CONVERSION = YES;
				CLANG_WARN_OBJC_ROOT_CLASS = YES_ERROR;
				CLANG_WARN_QUOTED_INCLUDE_IN_FRAMEWORK_HEADER = YES;
				CLANG_WARN_RANGE_LOOP_ANALYSIS = YES;
				CLANG_WARN_STRICT_PROTOTYPES = YES;
				CLANG_WARN_SUSPICIOUS_MOVE = YES;
				CLANG_WARN_UNGUARDED_AVAILABILITY = YES_AGGRESSIVE;
				CLANG_WARN_UNREACHABLE_CODE = YES;
				CLANG_WARN__DUPLICATE_METHOD_MATCH = YES;
				COPY_PHASE_STRIP = NO;
				DEBUG_INFORMATION_FORMAT = dwarf;
				ENABLE_STRICT_OBJC_MSGSEND = YES;
				ENABLE_TESTABILITY = YES;
				GCC_C_LANGUAGE_STANDARD = gnu11;
				GCC_DYNAMIC_NO_PIC = NO;
				GCC_NO_COMMON_BLOCKS = YES;
				GCC_OPTIMIZATION_LEVEL = 0;
				GCC_PREPROCESSOR_DEFINITIONS = (
					"DEBUG=1",
					"$(inherited)",
				);
				GCC_WARN_64_TO_32_BIT_CONVERSION = YES;
				GCC_WARN_ABOUT_RETURN_TYPE = YES_ERROR;
				GCC_WARN_UNDECLARED_SELECTOR = YES;
				GCC_WARN_UNINITIALIZED_AUTOS = YES_AGGRESSIVE;
				GCC_WARN_UNUSED_FUNCTION = YES;
				GCC_WARN_UNUSED_VARIABLE = YES;
				IPHONEOS_DEPLOYMENT_TARGET = 16.1;
				MTL_ENABLE_DEBUG_INFO = INCLUDE_SOURCE;
				MTL_FAST_MATH = YES;
				ONLY_ACTIVE_ARCH = YES;
				SDKROOT = iphoneos;
				SWIFT_ACTIVE_COMPILATION_CONDITIONS = DEBUG;
				SWIFT_OPTIMIZATION_LEVEL = "-Onone";
			};
			name = Debug;
		};
		255F463B29406CC400D640D4 /* Release */ = {
			isa = XCBuildConfiguration;
			buildSettings = {
				ALWAYS_SEARCH_USER_PATHS = NO;
				CLANG_ANALYZER_NONNULL = YES;
				CLANG_ANALYZER_NUMBER_OBJECT_CONVERSION = YES_AGGRESSIVE;
				CLANG_CXX_LANGUAGE_STANDARD = "gnu++20";
				CLANG_ENABLE_MODULES = YES;
				CLANG_ENABLE_OBJC_ARC = YES;
				CLANG_ENABLE_OBJC_WEAK = YES;
				CLANG_WARN_BLOCK_CAPTURE_AUTORELEASING = YES;
				CLANG_WARN_BOOL_CONVERSION = YES;
				CLANG_WARN_COMMA = YES;
				CLANG_WARN_CONSTANT_CONVERSION = YES;
				CLANG_WARN_DEPRECATED_OBJC_IMPLEMENTATIONS = YES;
				CLANG_WARN_DIRECT_OBJC_ISA_USAGE = YES_ERROR;
				CLANG_WARN_DOCUMENTATION_COMMENTS = YES;
				CLANG_WARN_EMPTY_BODY = YES;
				CLANG_WARN_ENUM_CONVERSION = YES;
				CLANG_WARN_INFINITE_RECURSION = YES;
				CLANG_WARN_INT_CONVERSION = YES;
				CLANG_WARN_NON_LITERAL_NULL_CONVERSION = YES;
				CLANG_WARN_OBJC_IMPLICIT_RETAIN_SELF = YES;
				CLANG_WARN_OBJC_LITERAL_CONVERSION = YES;
				CLANG_WARN_OBJC_ROOT_CLASS = YES_ERROR;
				CLANG_WARN_QUOTED_INCLUDE_IN_FRAMEWORK_HEADER = YES;
				CLANG_WARN_RANGE_LOOP_ANALYSIS = YES;
				CLANG_WARN_STRICT_PROTOTYPES = YES;
				CLANG_WARN_SUSPICIOUS_MOVE = YES;
				CLANG_WARN_UNGUARDED_AVAILABILITY = YES_AGGRESSIVE;
				CLANG_WARN_UNREACHABLE_CODE = YES;
				CLANG_WARN__DUPLICATE_METHOD_MATCH = YES;
				COPY_PHASE_STRIP = NO;
				DEBUG_INFORMATION_FORMAT = "dwarf-with-dsym";
				ENABLE_NS_ASSERTIONS = NO;
				ENABLE_STRICT_OBJC_MSGSEND = YES;
				GCC_C_LANGUAGE_STANDARD = gnu11;
				GCC_NO_COMMON_BLOCKS = YES;
				GCC_WARN_64_TO_32_BIT_CONVERSION = YES;
				GCC_WARN_ABOUT_RETURN_TYPE = YES_ERROR;
				GCC_WARN_UNDECLARED_SELECTOR = YES;
				GCC_WARN_UNINITIALIZED_AUTOS = YES_AGGRESSIVE;
				GCC_WARN_UNUSED_FUNCTION = YES;
				GCC_WARN_UNUSED_VARIABLE = YES;
				IPHONEOS_DEPLOYMENT_TARGET = 16.1;
				MTL_ENABLE_DEBUG_INFO = NO;
				MTL_FAST_MATH = YES;
				SDKROOT = iphoneos;
				SWIFT_COMPILATION_MODE = wholemodule;
				SWIFT_OPTIMIZATION_LEVEL = "-O";
				VALIDATE_PRODUCT = YES;
			};
			name = Release;
		};
		255F463D29406CC400D640D4 /* Debug */ = {
			isa = XCBuildConfiguration;
			buildSettings = {
				ASSETCATALOG_COMPILER_APPICON_NAME = AppIcon;
				ASSETCATALOG_COMPILER_GLOBAL_ACCENT_COLOR_NAME = AccentColor;
				CODE_SIGN_STYLE = Automatic;
				CURRENT_PROJECT_VERSION = 1;
				DEVELOPMENT_ASSET_PATHS = "\"EGL_Demo/Preview Content\"";
				ENABLE_PREVIEWS = YES;
				GENERATE_INFOPLIST_FILE = YES;
				INFOPLIST_KEY_UIApplicationSceneManifest_Generation = YES;
				INFOPLIST_KEY_UIApplicationSupportsIndirectInputEvents = YES;
				INFOPLIST_KEY_UILaunchScreen_Generation = YES;
				INFOPLIST_KEY_UISupportedInterfaceOrientations_iPad = "UIInterfaceOrientationPortrait UIInterfaceOrientationPortraitUpsideDown UIInterfaceOrientationLandscapeLeft UIInterfaceOrientationLandscapeRight";
				INFOPLIST_KEY_UISupportedInterfaceOrientations_iPhone = "UIInterfaceOrientationPortrait UIInterfaceOrientationLandscapeLeft UIInterfaceOrientationLandscapeRight";
				IPHONEOS_DEPLOYMENT_TARGET = 14.0;
				LD_RUNPATH_SEARCH_PATHS = (
					"$(inherited)",
					"@executable_path/Frameworks",
				);
				MARKETING_VERSION = 1.0;
				PRODUCT_BUNDLE_IDENTIFIER = "com.nihilent.EGL-Demo";
				PRODUCT_NAME = "$(TARGET_NAME)";
				SWIFT_EMIT_LOC_STRINGS = YES;
				SWIFT_VERSION = 5.0;
				TARGETED_DEVICE_FAMILY = "1,2";
			};
			name = Debug;
		};
		255F463E29406CC400D640D4 /* Release */ = {
			isa = XCBuildConfiguration;
			buildSettings = {
				ASSETCATALOG_COMPILER_APPICON_NAME = AppIcon;
				ASSETCATALOG_COMPILER_GLOBAL_ACCENT_COLOR_NAME = AccentColor;
				CODE_SIGN_STYLE = Automatic;
				CURRENT_PROJECT_VERSION = 1;
				DEVELOPMENT_ASSET_PATHS = "\"EGL_Demo/Preview Content\"";
				ENABLE_PREVIEWS = YES;
				GENERATE_INFOPLIST_FILE = YES;
				INFOPLIST_KEY_UIApplicationSceneManifest_Generation = YES;
				INFOPLIST_KEY_UIApplicationSupportsIndirectInputEvents = YES;
				INFOPLIST_KEY_UILaunchScreen_Generation = YES;
				INFOPLIST_KEY_UISupportedInterfaceOrientations_iPad = "UIInterfaceOrientationPortrait UIInterfaceOrientationPortraitUpsideDown UIInterfaceOrientationLandscapeLeft UIInterfaceOrientationLandscapeRight";
				INFOPLIST_KEY_UISupportedInterfaceOrientations_iPhone = "UIInterfaceOrientationPortrait UIInterfaceOrientationLandscapeLeft UIInterfaceOrientationLandscapeRight";
				IPHONEOS_DEPLOYMENT_TARGET = 14.0;
				LD_RUNPATH_SEARCH_PATHS = (
					"$(inherited)",
					"@executable_path/Frameworks",
				);
				MARKETING_VERSION = 1.0;
				PRODUCT_BUNDLE_IDENTIFIER = "com.nihilent.EGL-Demo";
				PRODUCT_NAME = "$(TARGET_NAME)";
				SWIFT_EMIT_LOC_STRINGS = YES;
				SWIFT_VERSION = 5.0;
				TARGETED_DEVICE_FAMILY = "1,2";
			};
			name = Release;
		};
		255F464029406CC400D640D4 /* Debug */ = {
			isa = XCBuildConfiguration;
			buildSettings = {
				ALWAYS_EMBED_SWIFT_STANDARD_LIBRARIES = YES;
				BUNDLE_LOADER = "$(TEST_HOST)";
				CODE_SIGN_STYLE = Automatic;
				CURRENT_PROJECT_VERSION = 1;
				GENERATE_INFOPLIST_FILE = YES;
				IPHONEOS_DEPLOYMENT_TARGET = 16.1;
				MARKETING_VERSION = 1.0;
				PRODUCT_BUNDLE_IDENTIFIER = "com.nihilent.EGL-DemoTests";
				PRODUCT_NAME = "$(TARGET_NAME)";
				SWIFT_EMIT_LOC_STRINGS = NO;
				SWIFT_VERSION = 5.0;
				TARGETED_DEVICE_FAMILY = "1,2";
				TEST_HOST = "$(BUILT_PRODUCTS_DIR)/EGL_Demo.app/$(BUNDLE_EXECUTABLE_FOLDER_PATH)/EGL_Demo";
			};
			name = Debug;
		};
		255F464129406CC400D640D4 /* Release */ = {
			isa = XCBuildConfiguration;
			buildSettings = {
				ALWAYS_EMBED_SWIFT_STANDARD_LIBRARIES = YES;
				BUNDLE_LOADER = "$(TEST_HOST)";
				CODE_SIGN_STYLE = Automatic;
				CURRENT_PROJECT_VERSION = 1;
				GENERATE_INFOPLIST_FILE = YES;
				IPHONEOS_DEPLOYMENT_TARGET = 16.1;
				MARKETING_VERSION = 1.0;
				PRODUCT_BUNDLE_IDENTIFIER = "com.nihilent.EGL-DemoTests";
				PRODUCT_NAME = "$(TARGET_NAME)";
				SWIFT_EMIT_LOC_STRINGS = NO;
				SWIFT_VERSION = 5.0;
				TARGETED_DEVICE_FAMILY = "1,2";
				TEST_HOST = "$(BUILT_PRODUCTS_DIR)/EGL_Demo.app/$(BUNDLE_EXECUTABLE_FOLDER_PATH)/EGL_Demo";
			};
			name = Release;
		};
		255F464329406CC400D640D4 /* Debug */ = {
			isa = XCBuildConfiguration;
			buildSettings = {
				ALWAYS_EMBED_SWIFT_STANDARD_LIBRARIES = YES;
				CODE_SIGN_STYLE = Automatic;
				CURRENT_PROJECT_VERSION = 1;
				GENERATE_INFOPLIST_FILE = YES;
				MARKETING_VERSION = 1.0;
				PRODUCT_BUNDLE_IDENTIFIER = "com.nihilent.EGL-DemoUITests";
				PRODUCT_NAME = "$(TARGET_NAME)";
				SWIFT_EMIT_LOC_STRINGS = NO;
				SWIFT_VERSION = 5.0;
				TARGETED_DEVICE_FAMILY = "1,2";
				TEST_TARGET_NAME = EGL_Demo;
			};
			name = Debug;
		};
		255F464429406CC400D640D4 /* Release */ = {
			isa = XCBuildConfiguration;
			buildSettings = {
				ALWAYS_EMBED_SWIFT_STANDARD_LIBRARIES = YES;
				CODE_SIGN_STYLE = Automatic;
				CURRENT_PROJECT_VERSION = 1;
				GENERATE_INFOPLIST_FILE = YES;
				MARKETING_VERSION = 1.0;
				PRODUCT_BUNDLE_IDENTIFIER = "com.nihilent.EGL-DemoUITests";
				PRODUCT_NAME = "$(TARGET_NAME)";
				SWIFT_EMIT_LOC_STRINGS = NO;
				SWIFT_VERSION = 5.0;
				TARGETED_DEVICE_FAMILY = "1,2";
				TEST_TARGET_NAME = EGL_Demo;
			};
			name = Release;
		};
/* End XCBuildConfiguration section */

/* Begin XCConfigurationList section */
		255F461329406CC200D640D4 /* Build configuration list for PBXProject "EGL_Demo" */ = {
			isa = XCConfigurationList;
			buildConfigurations = (
				255F463A29406CC400D640D4 /* Debug */,
				255F463B29406CC400D640D4 /* Release */,
			);
			defaultConfigurationIsVisible = 0;
			defaultConfigurationName = Release;
		};
		255F463C29406CC400D640D4 /* Build configuration list for PBXNativeTarget "EGL_Demo" */ = {
			isa = XCConfigurationList;
			buildConfigurations = (
				255F463D29406CC400D640D4 /* Debug */,
				255F463E29406CC400D640D4 /* Release */,
			);
			defaultConfigurationIsVisible = 0;
			defaultConfigurationName = Release;
		};
		255F463F29406CC400D640D4 /* Build configuration list for PBXNativeTarget "EGL_DemoTests" */ = {
			isa = XCConfigurationList;
			buildConfigurations = (
				255F464029406CC400D640D4 /* Debug */,
				255F464129406CC400D640D4 /* Release */,
			);
			defaultConfigurationIsVisible = 0;
			defaultConfigurationName = Release;
		};
		255F464229406CC400D640D4 /* Build configuration list for PBXNativeTarget "EGL_DemoUITests" */ = {
			isa = XCConfigurationList;
			buildConfigurations = (
				255F464329406CC400D640D4 /* Debug */,
				255F464429406CC400D640D4 /* Release */,
			);
			defaultConfigurationIsVisible = 0;
			defaultConfigurationName = Release;
		};
/* End XCConfigurationList section */
	};
	rootObject = 255F461029406CC200D640D4 /* Project object */;
}
